// !$*UTF8*$!
{
	archiveVersion = 1;
	classes = {
	};
	objectVersion = 77;
	objects = {

/* Begin PBXBuildFile section */
		9E1E17EC2FB36E420041ADDB /* CombineCocoa in Frameworks */ = {isa = PBXBuildFile; productRef = 9E1E17EB2FB36E420041ADDB /* CombineCocoa */; };
		9E1E17EF2FB36E540041ADDB /* CombineExt in Frameworks */ = {isa = PBXBuildFile; productRef = 9E1E17EE2FB36E540041ADDB /* CombineExt */; };
		9E1E17F92FB36F140041ADDB /* CombineMoya in Frameworks */ = {isa = PBXBuildFile; productRef = 9E1E17F82FB36F140041ADDB /* CombineMoya */; };
		9E1E17FB2FB36F140041ADDB /* Moya in Frameworks */ = {isa = PBXBuildFile; productRef = 9E1E17FA2FB36F140041ADDB /* Moya */; };
		9E1E17FD2FB36F140041ADDB /* ReactiveMoya in Frameworks */ = {isa = PBXBuildFile; productRef = 9E1E17FC2FB36F140041ADDB /* ReactiveMoya */; };
		9E1E18002FB36F310041ADDB /* SDWebImageSwiftUI in Frameworks */ = {isa = PBXBuildFile; productRef = 9E1E17FF2FB36F310041ADDB /* SDWebImageSwiftUI */; };
		9E1E18112FB374D80041ADDB /* FactoryKit in Frameworks */ = {isa = PBXBuildFile; productRef = 9E1E18102FB374D80041ADDB /* FactoryKit */; };
		9E1E18132FB374D80041ADDB /* FactoryTesting in Frameworks */ = {isa = PBXBuildFile; productRef = 9E1E18122FB374D80041ADDB /* FactoryTesting */; };
		9E1E18152FB374D80041ADDB /* FactoryKit in Frameworks */ = {isa = PBXBuildFile; productRef = 9E1E18102FB374D80041ADDB /* FactoryKit */; };
/* End PBXBuildFile section */

/* Begin PBXContainerItemProxy section */
		9EC86A532FB32C000027946F /* PBXContainerItemProxy */ = {
			isa = PBXContainerItemProxy;
			containerPortal = 9EC86A3D2FB32BFD0027946F /* Project object */;
			proxyType = 1;
			remoteGlobalIDString = 9EC86A442FB32BFD0027946F;
			remoteInfo = MVVMSwiftUI;
		};
		9EC86A5D2FB32C000027946F /* PBXContainerItemProxy */ = {
			isa = PBXContainerItemProxy;
			containerPortal = 9EC86A3D2FB32BFD0027946F /* Project object */;
			proxyType = 1;
			remoteGlobalIDString = 9EC86A442FB32BFD0027946F;
			remoteInfo = MVVMSwiftUI;
		};
/* End PBXContainerItemProxy section */

/* Begin PBXFileReference section */
		9E6C25DD2FB5CB2800E81EBD /* MVVMSwiftUI.xctestplan */ = {isa = PBXFileReference; lastKnownFileType = text; path = MVVMSwiftUI.xctestplan; sourceTree = "<group>"; };
		9EC86A452FB32BFD0027946F /* MVVMSwiftUI.app */ = {isa = PBXFileReference; explicitFileType = wrapper.application; includeInIndex = 0; path = MVVMSwiftUI.app; sourceTree = BUILT_PRODUCTS_DIR; };
		9EC86A522FB32C000027946F /* MVVMSwiftUITests.xctest */ = {isa = PBXFileReference; explicitFileType = wrapper.cfbundle; includeInIndex = 0; path = MVVMSwiftUITests.xctest; sourceTree = BUILT_PRODUCTS_DIR; };
		9EC86A5C2FB32C000027946F /* MVVMSwiftUIUITests.xctest */ = {isa = PBXFileReference; explicitFileType = wrapper.cfbundle; includeInIndex = 0; path = MVVMSwiftUIUITests.xctest; sourceTree = BUILT_PRODUCTS_DIR; };
/* End PBXFileReference section */

/* Begin PBXFileSystemSynchronizedBuildFileExceptionSet section */
		9E2525452FB57582009B230B /* Exceptions for "MVVMSwiftUI" folder in "MVVMSwiftUI" target */ = {
			isa = PBXFileSystemSynchronizedBuildFileExceptionSet;
			membershipExceptions = (
				Info.plist,
			);
			target = 9EC86A442FB32BFD0027946F /* MVVMSwiftUI */;
		};
/* End PBXFileSystemSynchronizedBuildFileExceptionSet section */

/* Begin PBXFileSystemSynchronizedRootGroup section */
		9EC86A472FB32BFD0027946F /* MVVMSwiftUI */ = {
			isa = PBXFileSystemSynchronizedRootGroup;
			exceptions = (
				9E2525452FB57582009B230B /* Exceptions for "MVVMSwiftUI" folder in "MVVMSwiftUI" target */,
			);
			path = MVVMSwiftUI;
			sourceTree = "<group>";
		};
		9EC86A552FB32C000027946F /* MVVMSwiftUITests */ = {
			isa = PBXFileSystemSynchronizedRootGroup;
			path = MVVMSwiftUITests;
			sourceTree = "<group>";
		};
		9EC86A5F2FB32C000027946F /* MVVMSwiftUIUITests */ = {
			isa = PBXFileSystemSynchronizedRootGroup;
			path = MVVMSwiftUIUITests;
			sourceTree = "<group>";
		};
/* End PBXFileSystemSynchronizedRootGroup section */

/* Begin PBXFrameworksBuildPhase section */
		9EC86A422FB32BFD0027946F /* Frameworks */ = {
			isa = PBXFrameworksBuildPhase;
			buildActionMask = 2147483647;
			files = (
				9E1E17FD2FB36F140041ADDB /* ReactiveMoya in Frameworks */,
				9E1E17EF2FB36E540041ADDB /* CombineExt in Frameworks */,
				9E1E17FB2FB36F140041ADDB /* Moya in Frameworks */,
				9E1E18112FB374D80041ADDB /* FactoryKit in Frameworks */,
				9E1E18002FB36F310041ADDB /* SDWebImageSwiftUI in Frameworks */,
				9E1E17F92FB36F140041ADDB /* CombineMoya in Frameworks */,
				9E1E17EC2FB36E420041ADDB /* CombineCocoa in Frameworks */,
			);
			runOnlyForDeploymentPostprocessing = 0;
		};
		9EC86A4F2FB32C000027946F /* Frameworks */ = {
			isa = PBXFrameworksBuildPhase;
			buildActionMask = 2147483647;
			files = (
				9E1E18132FB374D80041ADDB /* FactoryTesting in Frameworks */,
				9E1E18152FB374D80041ADDB /* FactoryKit in Frameworks */,
			);
			runOnlyForDeploymentPostprocessing = 0;
		};
		9EC86A592FB32C000027946F /* Frameworks */ = {
			isa = PBXFrameworksBuildPhase;
			buildActionMask = 2147483647;
			files = (
			);
			runOnlyForDeploymentPostprocessing = 0;
		};
/* End PBXFrameworksBuildPhase section */

/* Begin PBXGroup section */
		9EC86A3C2FB32BFD0027946F = {
			isa = PBXGroup;
			children = (
				9E6C25DD2FB5CB2800E81EBD /* MVVMSwiftUI.xctestplan */,
				9EC86A472FB32BFD0027946F /* MVVMSwiftUI */,
				9EC86A552FB32C000027946F /* MVVMSwiftUITests */,
				9EC86A5F2FB32C000027946F /* MVVMSwiftUIUITests */,
				9EC86A462FB32BFD0027946F /* Products */,
			);
			sourceTree = "<group>";
		};
		9EC86A462FB32BFD0027946F /* Products */ = {
			isa = PBXGroup;
			children = (
				9EC86A452FB32BFD0027946F /* MVVMSwiftUI.app */,
				9EC86A522FB32C000027946F /* MVVMSwiftUITests.xctest */,
				9EC86A5C2FB32C000027946F /* MVVMSwiftUIUITests.xctest */,
			);
			name = Products;
			sourceTree = "<group>";
		};
/* End PBXGroup section */

/* Begin PBXNativeTarget section */
		9EC86A442FB32BFD0027946F /* MVVMSwiftUI */ = {
			isa = PBXNativeTarget;
			buildConfigurationList = 9EC86A662FB32C000027946F /* Build configuration list for PBXNativeTarget "MVVMSwiftUI" */;
			buildPhases = (
				9EC86A412FB32BFD0027946F /* Sources */,
				9EC86A422FB32BFD0027946F /* Frameworks */,
				9EC86A432FB32BFD0027946F /* Resources */,
			);
			buildRules = (
			);
			dependencies = (
				9E1E18032FB36F940041ADDB /* PBXTargetDependency */,
			);
			fileSystemSynchronizedGroups = (
				9EC86A472FB32BFD0027946F /* MVVMSwiftUI */,
			);
			name = MVVMSwiftUI;
			packageProductDependencies = (
				9E1E17EB2FB36E420041ADDB /* CombineCocoa */,
				9E1E17EE2FB36E540041ADDB /* CombineExt */,
				9E1E17F82FB36F140041ADDB /* CombineMoya */,
				9E1E17FA2FB36F140041ADDB /* Moya */,
				9E1E17FC2FB36F140041ADDB /* ReactiveMoya */,
				9E1E17FF2FB36F310041ADDB /* SDWebImageSwiftUI */,
				9E1E18102FB374D80041ADDB /* FactoryKit */,
			);
			productName = MVVMSwiftUI;
			productReference = 9EC86A452FB32BFD0027946F /* MVVMSwiftUI.app */;
			productType = "com.apple.product-type.application";
		};
		9EC86A512FB32C000027946F /* MVVMSwiftUITests */ = {
			isa = PBXNativeTarget;
			buildConfigurationList = 9EC86A692FB32C000027946F /* Build configuration list for PBXNativeTarget "MVVMSwiftUITests" */;
			buildPhases = (
				9EC86A4E2FB32C000027946F /* Sources */,
				9EC86A4F2FB32C000027946F /* Frameworks */,
				9EC86A502FB32C000027946F /* Resources */,
			);
			buildRules = (
			);
			dependencies = (
				9EC86A542FB32C000027946F /* PBXTargetDependency */,
			);
			fileSystemSynchronizedGroups = (
				9EC86A552FB32C000027946F /* MVVMSwiftUITests */,
			);
			name = MVVMSwiftUITests;
			packageProductDependencies = (
				9E1E18122FB374D80041ADDB /* FactoryTesting */,
				9E1E18102FB374D80041ADDB /* FactoryKit */,
			);
			productName = MVVMSwiftUITests;
			productReference = 9EC86A522FB32C000027946F /* MVVMSwiftUITests.xctest */;
			productType = "com.apple.product-type.bundle.unit-test";
		};
		9EC86A5B2FB32C000027946F /* MVVMSwiftUIUITests */ = {
			isa = PBXNativeTarget;
			buildConfigurationList = 9EC86A6C2FB32C000027946F /* Build configuration list for PBXNativeTarget "MVVMSwiftUIUITests" */;
			buildPhases = (
				9EC86A582FB32C000027946F /* Sources */,
				9EC86A592FB32C000027946F /* Frameworks */,
				9EC86A5A2FB32C000027946F /* Resources */,
			);
			buildRules = (
			);
			dependencies = (
				9EC86A5E2FB32C000027946F /* PBXTargetDependency */,
			);
			fileSystemSynchronizedGroups = (
				9EC86A5F2FB32C000027946F /* MVVMSwiftUIUITests */,
			);
			name = MVVMSwiftUIUITests;
			packageProductDependencies = (
			);
			productName = MVVMSwiftUIUITests;
			productReference = 9EC86A5C2FB32C000027946F /* MVVMSwiftUIUITests.xctest */;
			productType = "com.apple.product-type.bundle.ui-testing";
		};
/* End PBXNativeTarget section */

/* Begin PBXProject section */
		9EC86A3D2FB32BFD0027946F /* Project object */ = {
			isa = PBXProject;
			attributes = {
				BuildIndependentTargetsInParallel = 1;
				LastSwiftUpdateCheck = 2640;
				LastUpgradeCheck = 2640;
				TargetAttributes = {
					9EC86A442FB32BFD0027946F = {
						CreatedOnToolsVersion = 26.4.1;
					};
					9EC86A512FB32C000027946F = {
						CreatedOnToolsVersion = 26.4.1;
						TestTargetID = 9EC86A442FB32BFD0027946F;
					};
					9EC86A5B2FB32C000027946F = {
						CreatedOnToolsVersion = 26.4.1;
						TestTargetID = 9EC86A442FB32BFD0027946F;
					};
				};
			};
			buildConfigurationList = 9EC86A402FB32BFD0027946F /* Build configuration list for PBXProject "MVVMSwiftUI" */;
			developmentRegion = en;
			hasScannedForEncodings = 0;
			knownRegions = (
				en,
				Base,
			);
			mainGroup = 9EC86A3C2FB32BFD0027946F;
			minimizedProjectReferenceProxies = 1;
			packageReferences = (
				9E1E17EA2FB36E420041ADDB /* XCRemoteSwiftPackageReference "CombineCocoa" */,
				9E1E17ED2FB36E540041ADDB /* XCRemoteSwiftPackageReference "CombineExt" */,
				9E1E17F72FB36F140041ADDB /* XCRemoteSwiftPackageReference "Moya" */,
				9E1E17FE2FB36F310041ADDB /* XCRemoteSwiftPackageReference "SDWebImageSwiftUI" */,
				9E1E18012FB36F420041ADDB /* XCRemoteSwiftPackageReference "SwiftLintPlugins" */,
				9E1E180F2FB374D80041ADDB /* XCRemoteSwiftPackageReference "Factory" */,
			);
			preferredProjectObjectVersion = 77;
			productRefGroup = 9EC86A462FB32BFD0027946F /* Products */;
			projectDirPath = "";
			projectRoot = "";
			targets = (
				9EC86A442FB32BFD0027946F /* MVVMSwiftUI */,
				9EC86A512FB32C000027946F /* MVVMSwiftUITests */,
				9EC86A5B2FB32C000027946F /* MVVMSwiftUIUITests */,
			);
		};
/* End PBXProject section */

/* Begin PBXResourcesBuildPhase section */
		9EC86A432FB32BFD0027946F /* Resources */ = {
			isa = PBXResourcesBuildPhase;
			buildActionMask = 2147483647;
			files = (
			);
			runOnlyForDeploymentPostprocessing = 0;
		};
		9EC86A502FB32C000027946F /* Resources */ = {
			isa = PBXResourcesBuildPhase;
			buildActionMask = 2147483647;
			files = (
			);
			runOnlyForDeploymentPostprocessing = 0;
		};
		9EC86A5A2FB32C000027946F /* Resources */ = {
			isa = PBXResourcesBuildPhase;
			buildActionMask = 2147483647;
			files = (
			);
			runOnlyForDeploymentPostprocessing = 0;
		};
/* End PBXResourcesBuildPhase section */

/* Begin PBXSourcesBuildPhase section */
		9EC86A412FB32BFD0027946F /* Sources */ = {
			isa = PBXSourcesBuildPhase;
			buildActionMask = 2147483647;
			files = (
			);
			runOnlyForDeploymentPostprocessing = 0;
		};
		9EC86A4E2FB32C000027946F /* Sources */ = {
			isa = PBXSourcesBuildPhase;
			buildActionMask = 2147483647;
			files = (
			);
			runOnlyForDeploymentPostprocessing = 0;
		};
		9EC86A582FB32C000027946F /* Sources */ = {
			isa = PBXSourcesBuildPhase;
			buildActionMask = 2147483647;
			files = (
			);
			runOnlyForDeploymentPostprocessing = 0;
		};
/* End PBXSourcesBuildPhase section */

/* Begin PBXTargetDependency section */
		9E1E18032FB36F940041ADDB /* PBXTargetDependency */ = {
			isa = PBXTargetDependency;
			productRef = 9E1E18022FB36F940041ADDB /* SwiftLintBuildToolPlugin */;
		};
		9EC86A542FB32C000027946F /* PBXTargetDependency */ = {
			isa = PBXTargetDependency;
			target = 9EC86A442FB32BFD0027946F /* MVVMSwiftUI */;
			targetProxy = 9EC86A532FB32C000027946F /* PBXContainerItemProxy */;
		};
		9EC86A5E2FB32C000027946F /* PBXTargetDependency */ = {
			isa = PBXTargetDependency;
			target = 9EC86A442FB32BFD0027946F /* MVVMSwiftUI */;
			targetProxy = 9EC86A5D2FB32C000027946F /* PBXContainerItemProxy */;
		};
/* End PBXTargetDependency section */

/* Begin XCBuildConfiguration section */
		9EC86A642FB32C000027946F /* Debug */ = {
			isa = XCBuildConfiguration;
			baseConfigurationReferenceAnchor = 9EC86A472FB32BFD0027946F /* MVVMSwiftUI */;
			baseConfigurationReferenceRelativePath = Environment/Development.xcconfig;
			buildSettings = {
				ALWAYS_SEARCH_USER_PATHS = NO;
				ASSETCATALOG_COMPILER_GENERATE_SWIFT_ASSET_SYMBOL_EXTENSIONS = YES;
				CLANG_ANALYZER_NONNULL = YES;
				CLANG_ANALYZER_NUMBER_OBJECT_CONVERSION = YES_AGGRESSIVE;
				CLANG_CXX_LANGUAGE_STANDARD = "gnu++20";
				CLANG_ENABLE_MODULES = YES;
				CLANG_ENABLE_OBJC_ARC = YES;
				CLANG_ENABLE_OBJC_WEAK = YES;
				CLANG_WARN_BLOCK_CAPTURE_AUTORELEASING = YES;
				CLANG_WARN_BOOL_CONVERSION = YES;
				CLANG_WARN_COMMA = YES;
				CLANG_WARN_CONSTANT_CONVERSION = YES;
				CLANG_WARN_DEPRECATED_OBJC_IMPLEMENTATIONS = YES;
				CLANG_WARN_DIRECT_OBJC_ISA_USAGE = YES_ERROR;
				CLANG_WARN_DOCUMENTATION_COMMENTS = YES;
				CLANG_WARN_EMPTY_BODY = YES;
				CLANG_WARN_ENUM_CONVERSION = YES;
				CLANG_WARN_INFINITE_RECURSION = YES;
				CLANG_WARN_INT_CONVERSION = YES;
				CLANG_WARN_NON_LITERAL_NULL_CONVERSION = YES;
				CLANG_WARN_OBJC_IMPLICIT_RETAIN_SELF = YES;
				CLANG_WARN_OBJC_LITERAL_CONVERSION = YES;
				CLANG_WARN_OBJC_ROOT_CLASS = YES_ERROR;
				CLANG_WARN_QUOTED_INCLUDE_IN_FRAMEWORK_HEADER = YES;
				CLANG_WARN_RANGE_LOOP_ANALYSIS = YES;
				CLANG_WARN_STRICT_PROTOTYPES = YES;
				CLANG_WARN_SUSPICIOUS_MOVE = YES;
				CLANG_WARN_UNGUARDED_AVAILABILITY = YES_AGGRESSIVE;
				CLANG_WARN_UNREACHABLE_CODE = YES;
				CLANG_WARN__DUPLICATE_METHOD_MATCH = YES;
				COPY_PHASE_STRIP = NO;
				DEBUG_INFORMATION_FORMAT = dwarf;
				ENABLE_STRICT_OBJC_MSGSEND = YES;
				ENABLE_TESTABILITY = YES;
				ENABLE_USER_SCRIPT_SANDBOXING = YES;
				GCC_C_LANGUAGE_STANDARD = gnu17;
				GCC_DYNAMIC_NO_PIC = NO;
				GCC_NO_COMMON_BLOCKS = YES;
				GCC_OPTIMIZATION_LEVEL = 0;
				GCC_PREPROCESSOR_DEFINITIONS = (
					"DEBUG=1",
					"$(inherited)",
				);
				GCC_WARN_64_TO_32_BIT_CONVERSION = YES;
				GCC_WARN_ABOUT_RETURN_TYPE = YES_ERROR;
				GCC_WARN_UNDECLARED_SELECTOR = YES;
				GCC_WARN_UNINITIALIZED_AUTOS = YES_AGGRESSIVE;
				GCC_WARN_UNUSED_FUNCTION = YES;
				GCC_WARN_UNUSED_VARIABLE = YES;
				IPHONEOS_DEPLOYMENT_TARGET = 26.4;
				LOCALIZATION_PREFERS_STRING_CATALOGS = YES;
				MTL_ENABLE_DEBUG_INFO = INCLUDE_SOURCE;
				MTL_FAST_MATH = YES;
				ONLY_ACTIVE_ARCH = YES;
				SDKROOT = iphoneos;
				SWIFT_ACTIVE_COMPILATION_CONDITIONS = "DEBUG $(inherited)";
				SWIFT_OPTIMIZATION_LEVEL = "-Onone";
			};
			name = Debug;
		};
		9EC86A652FB32C000027946F /* Release */ = {
			isa = XCBuildConfiguration;
			baseConfigurationReferenceAnchor = 9EC86A472FB32BFD0027946F /* MVVMSwiftUI */;
			baseConfigurationReferenceRelativePath = Environment/Production.xcconfig;
			buildSettings = {
				ALWAYS_SEARCH_USER_PATHS = NO;
				ASSETCATALOG_COMPILER_GENERATE_SWIFT_ASSET_SYMBOL_EXTENSIONS = YES;
				CLANG_ANALYZER_NONNULL = YES;
				CLANG_ANALYZER_NUMBER_OBJECT_CONVERSION = YES_AGGRESSIVE;
				CLANG_CXX_LANGUAGE_STANDARD = "gnu++20";
				CLANG_ENABLE_MODULES = YES;
				CLANG_ENABLE_OBJC_ARC = YES;
				CLANG_ENABLE_OBJC_WEAK = YES;
				CLANG_WARN_BLOCK_CAPTURE_AUTORELEASING = YES;
				CLANG_WARN_BOOL_CONVERSION = YES;
				CLANG_WARN_COMMA = YES;
				CLANG_WARN_CONSTANT_CONVERSION = YES;
				CLANG_WARN_DEPRECATED_OBJC_IMPLEMENTATIONS = YES;
				CLANG_WARN_DIRECT_OBJC_ISA_USAGE = YES_ERROR;
				CLANG_WARN_DOCUMENTATION_COMMENTS = YES;
				CLANG_WARN_EMPTY_BODY = YES;
				CLANG_WARN_ENUM_CONVERSION = YES;
				CLANG_WARN_INFINITE_RECURSION = YES;
				CLANG_WARN_INT_CONVERSION = YES;
				CLANG_WARN_NON_LITERAL_NULL_CONVERSION = YES;
				CLANG_WARN_OBJC_IMPLICIT_RETAIN_SELF = YES;
				CLANG_WARN_OBJC_LITERAL_CONVERSION = YES;
				CLANG_WARN_OBJC_ROOT_CLASS = YES_ERROR;
				CLANG_WARN_QUOTED_INCLUDE_IN_FRAMEWORK_HEADER = YES;
				CLANG_WARN_RANGE_LOOP_ANALYSIS = YES;
				CLANG_WARN_STRICT_PROTOTYPES = YES;
				CLANG_WARN_SUSPICIOUS_MOVE = YES;
				CLANG_WARN_UNGUARDED_AVAILABILITY = YES_AGGRESSIVE;
				CLANG_WARN_UNREACHABLE_CODE = YES;
				CLANG_WARN__DUPLICATE_METHOD_MATCH = YES;
				COPY_PHASE_STRIP = NO;
				DEBUG_INFORMATION_FORMAT = "dwarf-with-dsym";
				ENABLE_NS_ASSERTIONS = NO;
				ENABLE_STRICT_OBJC_MSGSEND = YES;
				ENABLE_USER_SCRIPT_SANDBOXING = YES;
				GCC_C_LANGUAGE_STANDARD = gnu17;
				GCC_NO_COMMON_BLOCKS = YES;
				GCC_WARN_64_TO_32_BIT_CONVERSION = YES;
				GCC_WARN_ABOUT_RETURN_TYPE = YES_ERROR;
				GCC_WARN_UNDECLARED_SELECTOR = YES;
				GCC_WARN_UNINITIALIZED_AUTOS = YES_AGGRESSIVE;
				GCC_WARN_UNUSED_FUNCTION = YES;
				GCC_WARN_UNUSED_VARIABLE = YES;
				IPHONEOS_DEPLOYMENT_TARGET = 26.4;
				LOCALIZATION_PREFERS_STRING_CATALOGS = YES;
				MTL_ENABLE_DEBUG_INFO = NO;
				MTL_FAST_MATH = YES;
				SDKROOT = iphoneos;
				SWIFT_COMPILATION_MODE = wholemodule;
				VALIDATE_PRODUCT = YES;
			};
			name = Release;
		};
		9EC86A672FB32C000027946F /* Debug */ = {
			isa = XCBuildConfiguration;
			baseConfigurationReferenceAnchor = 9EC86A472FB32BFD0027946F /* MVVMSwiftUI */;
			baseConfigurationReferenceRelativePath = Environment/Development.xcconfig;
			buildSettings = {
				ASSETCATALOG_COMPILER_APPICON_NAME = AppIcon;
				ASSETCATALOG_COMPILER_GLOBAL_ACCENT_COLOR_NAME = AccentColor;
				CODE_SIGN_STYLE = Automatic;
				CURRENT_PROJECT_VERSION = 1;
				ENABLE_PREVIEWS = YES;
				GENERATE_INFOPLIST_FILE = YES;
				INFOPLIST_FILE = MVVMSwiftUI/Info.plist;
				INFOPLIST_KEY_UIApplicationSceneManifest_Generation = YES;
				INFOPLIST_KEY_UIApplicationSupportsIndirectInputEvents = YES;
				INFOPLIST_KEY_UILaunchScreen_Generation = YES;
				INFOPLIST_KEY_UISupportedInterfaceOrientations_iPad = "UIInterfaceOrientationPortrait UIInterfaceOrientationPortraitUpsideDown UIInterfaceOrientationLandscapeLeft UIInterfaceOrientationLandscapeRight";
				INFOPLIST_KEY_UISupportedInterfaceOrientations_iPhone = "UIInterfaceOrientationPortrait UIInterfaceOrientationLandscapeLeft UIInterfaceOrientationLandscapeRight";
				LD_RUNPATH_SEARCH_PATHS = (
					"$(inherited)",
					"@executable_path/Frameworks",
				);
				MARKETING_VERSION = 1.0;
				PRODUCT_BUNDLE_IDENTIFIER = com.example.MVVMSwiftUI;
				PRODUCT_NAME = "$(TARGET_NAME)";
				STRING_CATALOG_GENERATE_SYMBOLS = YES;
				SWIFT_APPROACHABLE_CONCURRENCY = YES;
				SWIFT_DEFAULT_ACTOR_ISOLATION = MainActor;
				SWIFT_EMIT_LOC_STRINGS = YES;
				SWIFT_UPCOMING_FEATURE_MEMBER_IMPORT_VISIBILITY = YES;
				SWIFT_VERSION = 5.0;
				TARGETED_DEVICE_FAMILY = "1,2";
			};
			name = Debug;
		};
		9EC86A682FB32C000027946F /* Release */ = {
			isa = XCBuildConfiguration;
			baseConfigurationReferenceAnchor = 9EC86A472FB32BFD0027946F /* MVVMSwiftUI */;
			baseConfigurationReferenceRelativePath = Environment/Production.xcconfig;
			buildSettings = {
				ASSETCATALOG_COMPILER_APPICON_NAME = AppIcon;
				ASSETCATALOG_COMPILER_GLOBAL_ACCENT_COLOR_NAME = AccentColor;
				CODE_SIGN_STYLE = Automatic;
				CURRENT_PROJECT_VERSION = 1;
				ENABLE_PREVIEWS = YES;
				GENERATE_INFOPLIST_FILE = YES;
				INFOPLIST_FILE = MVVMSwiftUI/Info.plist;
				INFOPLIST_KEY_UIApplicationSceneManifest_Generation = YES;
				INFOPLIST_KEY_UIApplicationSupportsIndirectInputEvents = YES;
				INFOPLIST_KEY_UILaunchScreen_Generation = YES;
				INFOPLIST_KEY_UISupportedInterfaceOrientations_iPad = "UIInterfaceOrientationPortrait UIInterfaceOrientationPortraitUpsideDown UIInterfaceOrientationLandscapeLeft UIInterfaceOrientationLandscapeRight";
				INFOPLIST_KEY_UISupportedInterfaceOrientations_iPhone = "UIInterfaceOrientationPortrait UIInterfaceOrientationLandscapeLeft UIInterfaceOrientationLandscapeRight";
				LD_RUNPATH_SEARCH_PATHS = (
					"$(inherited)",
					"@executable_path/Frameworks",
				);
				MARKETING_VERSION = 1.0;
				PRODUCT_BUNDLE_IDENTIFIER = com.example.MVVMSwiftUI;
				PRODUCT_NAME = "$(TARGET_NAME)";
				STRING_CATALOG_GENERATE_SYMBOLS = YES;
				SWIFT_APPROACHABLE_CONCURRENCY = YES;
				SWIFT_DEFAULT_ACTOR_ISOLATION = MainActor;
				SWIFT_EMIT_LOC_STRINGS = YES;
				SWIFT_UPCOMING_FEATURE_MEMBER_IMPORT_VISIBILITY = YES;
				SWIFT_VERSION = 5.0;
				TARGETED_DEVICE_FAMILY = "1,2";
			};
			name = Release;
		};
		9EC86A6A2FB32C000027946F /* Debug */ = {
			isa = XCBuildConfiguration;
			baseConfigurationReferenceAnchor = 9EC86A472FB32BFD0027946F /* MVVMSwiftUI */;
			baseConfigurationReferenceRelativePath = Environment/Development.xcconfig;
			buildSettings = {
				BUNDLE_LOADER = "$(TEST_HOST)";
				CODE_SIGN_STYLE = Automatic;
				CURRENT_PROJECT_VERSION = 1;
				GENERATE_INFOPLIST_FILE = YES;
				IPHONEOS_DEPLOYMENT_TARGET = 26.4;
				MARKETING_VERSION = 1.0;
				PRODUCT_BUNDLE_IDENTIFIER = com.example.MVVMSwiftUITests;
				PRODUCT_NAME = "$(TARGET_NAME)";
				STRING_CATALOG_GENERATE_SYMBOLS = NO;
				SWIFT_APPROACHABLE_CONCURRENCY = YES;
				SWIFT_EMIT_LOC_STRINGS = NO;
				SWIFT_UPCOMING_FEATURE_MEMBER_IMPORT_VISIBILITY = YES;
				SWIFT_VERSION = 5.0;
				TARGETED_DEVICE_FAMILY = "1,2";
				TEST_HOST = "$(BUILT_PRODUCTS_DIR)/MVVMSwiftUI.app/$(BUNDLE_EXECUTABLE_FOLDER_PATH)/MVVMSwiftUI";
			};
			name = Debug;
		};
		9EC86A6B2FB32C000027946F /* Release */ = {
			isa = XCBuildConfiguration;
			baseConfigurationReferenceAnchor = 9EC86A472FB32BFD0027946F /* MVVMSwiftUI */;
			baseConfigurationReferenceRelativePath = Environment/Development.xcconfig;
			buildSettings = {
				BUNDLE_LOADER = "$(TEST_HOST)";
				CODE_SIGN_STYLE = Automatic;
				CURRENT_PROJECT_VERSION = 1;
				GENERATE_INFOPLIST_FILE = YES;
				IPHONEOS_DEPLOYMENT_TARGET = 26.4;
				MARKETING_VERSION = 1.0;
				PRODUCT_BUNDLE_IDENTIFIER = com.example.MVVMSwiftUITests;
				PRODUCT_NAME = "$(TARGET_NAME)";
				STRING_CATALOG_GENERATE_SYMBOLS = NO;
				SWIFT_APPROACHABLE_CONCURRENCY = YES;
				SWIFT_EMIT_LOC_STRINGS = NO;
				SWIFT_UPCOMING_FEATURE_MEMBER_IMPORT_VISIBILITY = YES;
				SWIFT_VERSION = 5.0;
				TARGETED_DEVICE_FAMILY = "1,2";
				TEST_HOST = "$(BUILT_PRODUCTS_DIR)/MVVMSwiftUI.app/$(BUNDLE_EXECUTABLE_FOLDER_PATH)/MVVMSwiftUI";
			};
			name = Release;
		};
		9EC86A6D2FB32C000027946F /* Debug */ = {
			isa = XCBuildConfiguration;
			baseConfigurationReferenceAnchor = 9EC86A472FB32BFD0027946F /* MVVMSwiftUI */;
			baseConfigurationReferenceRelativePath = Environment/Development.xcconfig;
			buildSettings = {
				CODE_SIGN_STYLE = Automatic;
				CURRENT_PROJECT_VERSION = 1;
				GENERATE_INFOPLIST_FILE = YES;
				MARKETING_VERSION = 1.0;
				PRODUCT_BUNDLE_IDENTIFIER = com.example.MVVMSwiftUIUITests;
				PRODUCT_NAME = "$(TARGET_NAME)";
				STRING_CATALOG_GENERATE_SYMBOLS = NO;
				SWIFT_APPROACHABLE_CONCURRENCY = YES;
				SWIFT_EMIT_LOC_STRINGS = NO;
				SWIFT_UPCOMING_FEATURE_MEMBER_IMPORT_VISIBILITY = YES;
				SWIFT_VERSION = 5.0;
				TARGETED_DEVICE_FAMILY = "1,2";
				TEST_TARGET_NAME = MVVMSwiftUI;
			};
			name = Debug;
		};
		9EC86A6E2FB32C000027946F /* Release */ = {
			isa = XCBuildConfiguration;
			baseConfigurationReferenceAnchor = 9EC86A472FB32BFD0027946F /* MVVMSwiftUI */;
			baseConfigurationReferenceRelativePath = Environment/Development.xcconfig;
			buildSettings = {
				CODE_SIGN_STYLE = Automatic;
				CURRENT_PROJECT_VERSION = 1;
				GENERATE_INFOPLIST_FILE = YES;
				MARKETING_VERSION = 1.0;
				PRODUCT_BUNDLE_IDENTIFIER = com.example.MVVMSwiftUIUITests;
				PRODUCT_NAME = "$(TARGET_NAME)";
				STRING_CATALOG_GENERATE_SYMBOLS = NO;
				SWIFT_APPROACHABLE_CONCURRENCY = YES;
				SWIFT_EMIT_LOC_STRINGS = NO;
				SWIFT_UPCOMING_FEATURE_MEMBER_IMPORT_VISIBILITY = YES;
				SWIFT_VERSION = 5.0;
				TARGETED_DEVICE_FAMILY = "1,2";
				TEST_TARGET_NAME = MVVMSwiftUI;
			};
			name = Release;
		};
/* End XCBuildConfiguration section */

/* Begin XCConfigurationList section */
		9EC86A402FB32BFD0027946F /* Build configuration list for PBXProject "MVVMSwiftUI" */ = {
			isa = XCConfigurationList;
			buildConfigurations = (
				9EC86A642FB32C000027946F /* Debug */,
				9EC86A652FB32C000027946F /* Release */,
			);
			defaultConfigurationIsVisible = 0;
			defaultConfigurationName = Release;
		};
		9EC86A662FB32C000027946F /* Build configuration list for PBXNativeTarget "MVVMSwiftUI" */ = {
			isa = XCConfigurationList;
			buildConfigurations = (
				9EC86A672FB32C000027946F /* Debug */,
				9EC86A682FB32C000027946F /* Release */,
			);
			defaultConfigurationIsVisible = 0;
			defaultConfigurationName = Release;
		};
		9EC86A692FB32C000027946F /* Build configuration list for PBXNativeTarget "MVVMSwiftUITests" */ = {
			isa = XCConfigurationList;
			buildConfigurations = (
				9EC86A6A2FB32C000027946F /* Debug */,
				9EC86A6B2FB32C000027946F /* Release */,
			);
			defaultConfigurationIsVisible = 0;
			defaultConfigurationName = Release;
		};
		9EC86A6C2FB32C000027946F /* Build configuration list for PBXNativeTarget "MVVMSwiftUIUITests" */ = {
			isa = XCConfigurationList;
			buildConfigurations = (
				9EC86A6D2FB32C000027946F /* Debug */,
				9EC86A6E2FB32C000027946F /* Release */,
			);
			defaultConfigurationIsVisible = 0;
			defaultConfigurationName = Release;
		};
/* End XCConfigurationList section */

/* Begin XCRemoteSwiftPackageReference section */
		9E1E17EA2FB36E420041ADDB /* XCRemoteSwiftPackageReference "CombineCocoa" */ = {
			isa = XCRemoteSwiftPackageReference;
			repositoryURL = "https://github.com/CombineCommunity/CombineCocoa.git";
			requirement = {
				kind = exactVersion;
				version = 0.4.1;
			};
		};
		9E1E17ED2FB36E540041ADDB /* XCRemoteSwiftPackageReference "CombineExt" */ = {
			isa = XCRemoteSwiftPackageReference;
			repositoryURL = "https://github.com/CombineCommunity/CombineExt.git";
			requirement = {
				kind = exactVersion;
				version = 1.9.0;
			};
		};
		9E1E17F72FB36F140041ADDB /* XCRemoteSwiftPackageReference "Moya" */ = {
			isa = XCRemoteSwiftPackageReference;
			repositoryURL = "https://github.com/Moya/Moya.git";
			requirement = {
				kind = exactVersion;
				version = 15.0.3;
			};
		};
		9E1E17FE2FB36F310041ADDB /* XCRemoteSwiftPackageReference "SDWebImageSwiftUI" */ = {
			isa = XCRemoteSwiftPackageReference;
			repositoryURL = "https://github.com/SDWebImage/SDWebImageSwiftUI.git";
			requirement = {
				kind = exactVersion;
				version = 3.1.4;
			};
		};
		9E1E18012FB36F420041ADDB /* XCRemoteSwiftPackageReference "SwiftLintPlugins" */ = {
			isa = XCRemoteSwiftPackageReference;
			repositoryURL = "https://github.com/SimplyDanny/SwiftLintPlugins";
			requirement = {
				kind = exactVersion;
				version = 0.63.2;
			};
		};
		9E1E180F2FB374D80041ADDB /* XCRemoteSwiftPackageReference "Factory" */ = {
			isa = XCRemoteSwiftPackageReference;
			repositoryURL = "https://github.com/hmlongco/Factory";
			requirement = {
				kind = exactVersion;
				version = 3.0.2;
			};
		};
/* End XCRemoteSwiftPackageReference section */

/* Begin XCSwiftPackageProductDependency section */
		9E1E17EB2FB36E420041ADDB /* CombineCocoa */ = {
			isa = XCSwiftPackageProductDependency;
			package = 9E1E17EA2FB36E420041ADDB /* XCRemoteSwiftPackageReference "CombineCocoa" */;
			productName = CombineCocoa;
		};
		9E1E17EE2FB36E540041ADDB /* CombineExt */ = {
			isa = XCSwiftPackageProductDependency;
			package = 9E1E17ED2FB36E540041ADDB /* XCRemoteSwiftPackageReference "CombineExt" */;
			productName = CombineExt;
		};
		9E1E17F82FB36F140041ADDB /* CombineMoya */ = {
			isa = XCSwiftPackageProductDependency;
			package = 9E1E17F72FB36F140041ADDB /* XCRemoteSwiftPackageReference "Moya" */;
			productName = CombineMoya;
		};
		9E1E17FA2FB36F140041ADDB /* Moya */ = {
			isa = XCSwiftPackageProductDependency;
			package = 9E1E17F72FB36F140041ADDB /* XCRemoteSwiftPackageReference "Moya" */;
			productName = Moya;
		};
		9E1E17FC2FB36F140041ADDB /* ReactiveMoya */ = {
			isa = XCSwiftPackageProductDependency;
			package = 9E1E17F72FB36F140041ADDB /* XCRemoteSwiftPackageReference "Moya" */;
			productName = ReactiveMoya;
		};
		9E1E17FF2FB36F310041ADDB /* SDWebImageSwiftUI */ = {
			isa = XCSwiftPackageProductDependency;
			package = 9E1E17FE2FB36F310041ADDB /* XCRemoteSwiftPackageReference "SDWebImageSwiftUI" */;
			productName = SDWebImageSwiftUI;
		};
		9E1E18022FB36F940041ADDB /* SwiftLintBuildToolPlugin */ = {
			isa = XCSwiftPackageProductDependency;
			package = 9E1E18012FB36F420041ADDB /* XCRemoteSwiftPackageReference "SwiftLintPlugins" */;
			productName = "plugin:SwiftLintBuildToolPlugin";
		};
		9E1E18102FB374D80041ADDB /* FactoryKit */ = {
			isa = XCSwiftPackageProductDependency;
			package = 9E1E180F2FB374D80041ADDB /* XCRemoteSwiftPackageReference "Factory" */;
			productName = FactoryKit;
		};
		9E1E18122FB374D80041ADDB /* FactoryTesting */ = {
			isa = XCSwiftPackageProductDependency;
			package = 9E1E180F2FB374D80041ADDB /* XCRemoteSwiftPackageReference "Factory" */;
			productName = FactoryTesting;
		};
/* End XCSwiftPackageProductDependency section */
	};
	rootObject = 9EC86A3D2FB32BFD0027946F /* Project object */;
}
